
Microsoft Visual Studio Solution File, Format Version 9.00
# Visual Studio 2005
Project("{FAE04EC0-301F-11D3-BF4B-00C04F79EFBC}") = "Goo", "Goo.csproj", "{8BE9FF70-1C2A-41F4-B82D-69C660D2C5BA}"
EndProject
Project("{8BC9CEB8-8B4A-11D0-8D11-00A0C91BC942}") = "GooLib", "GooLib\GooLib.vcproj", "{5732E433-878B-4047-A753-3495A569DD16}"
EndProject
Global
	GlobalSection(SolutionConfigurationPlatforms) = preSolution
		Debug|Any CPU = Debug|Any CPU
		Debug|Mixed Platforms = Debug|Mixed Platforms
		Debug|Win32 = Debug|Win32
		Release|Any CPU = Release|Any CPU
		Release|Mixed Platforms = Release|Mixed Platforms
		Release|Win32 = Release|Win32
	EndGlobalSection
	GlobalSection(ProjectConfigurationPlatforms) = postSolution
		{8BE9FF70-1C2A-41F4-B82D-69C660D2C5BA}.Debug|Any CPU.ActiveCfg = Debug|Any CPU
		{8BE9FF70-1C2A-41F4-B82D-69C660D2C5BA}.Debug|Any CPU.Build.0 = Debug|Any CPU
		{8BE9FF70-1C2A-41F4-B82D-69C660D2C5BA}.Debug|Mixed Platforms.ActiveCfg = Debug|Any CPU
		{8BE9FF70-1C2A-41F4-B82D-69C660D2C5BA}.Debug|Mixed Platforms.Build.0 = Debug|Any CPU
		{8BE9FF70-1C2A-41F4-B82D-69C660D2C5BA}.Debug|Win32.ActiveCfg = Debug|Any CPU
		{8BE9FF70-1C2A-41F4-B82D-69C660D2C5BA}.Release|Any CPU.ActiveCfg = Release|Any CPU
		{8BE9FF70-1C2A-41F4-B82D-69C660D2C5BA}.Release|Any CPU.Build.0 = Release|Any CPU
		{8BE9FF70-1C2A-41F4-B82D-69C660D2C5BA}.Release|Mixed Platforms.ActiveCfg = Release|Any CPU
		{8BE9FF70-1C2A-41F4-B82D-69C660D2C5BA}.Release|Mixed Platforms.Build.0 = Release|Any CPU
		{8BE9FF70-1C2A-41F4-B82D-69C660D2C5BA}.Release|Win32.ActiveCfg = Release|Any CPU
		{5732E433-878B-4047-A753-3495A569DD16}.Debug|Any CPU.ActiveCfg = Debug|Win32
		{5732E433-878B-4047-A753-3495A569DD16}.Debug|Mixed Platforms.ActiveCfg = Debug|Win32
		{5732E433-878B-4047-A753-3495A569DD16}.Debug|Mixed Platforms.Build.0 = Debug|Win32
		{5732E433-878B-4047-A753-3495A569DD16}.Debug|Win32.ActiveCfg = Debug|Win32
		{5732E433-878B-4047-A753-3495A569DD16}.Debug|Win32.Build.0 = Debug|Win32
		{5732E433-878B-4047-A753-3495A569DD16}.Release|Any CPU.ActiveCfg = Release|Win32
		{5732E433-878B-4047-A753-3495A569DD16}.Release|Mixed Platforms.ActiveCfg = Release|Win32
		{5732E433-878B-4047-A753-3495A569DD16}.Release|Mixed Platforms.Build.0 = Release|Win32
		{5732E433-878B-4047-A753-3495A569DD16}.Release|Win32.ActiveCfg = Release|Win32
		{5732E433-878B-4047-A753-3495A569DD16}.Release|Win32.Build.0 = Release|Win32
	EndGlobalSection
	GlobalSection(SolutionProperties) = preSolution
		HideSolutionNode = FALSE
	EndGlobalSection
EndGlobal
